// !$*UTF8*$!
{
	archiveVersion = 1;
	classes = {
	};
	objectVersion = 55;
	objects = {

/* Begin PBXBuildFile section */
		D6D14DE12785297D0083F4F4 /* AppDelegate.swift in Sources */ = {isa = PBXBuildFile; fileRef = D6D14DE02785297D0083F4F4 /* AppDelegate.swift */; };
		D6D14DE32785297D0083F4F4 /* SceneDelegate.swift in Sources */ = {isa = PBXBuildFile; fileRef = D6D14DE22785297D0083F4F4 /* SceneDelegate.swift */; };
		D6D14DE82785297D0083F4F4 /* Main.storyboard in Resources */ = {isa = PBXBuildFile; fileRef = D6D14DE62785297D0083F4F4 /* Main.storyboard */; };
		D6D14DEA278529820083F4F4 /* Assets.xcassets in Resources */ = {isa = PBXBuildFile; fileRef = D6D14DE9278529820083F4F4 /* Assets.xcassets */; };
		D6D14DED278529820083F4F4 /* LaunchScreen.storyboard in Resources */ = {isa = PBXBuildFile; fileRef = D6D14DEB278529820083F4F4 /* LaunchScreen.storyboard */; };
		D6D14DF7278533100083F4F4 /* MainViewController.swift in Sources */ = {isa = PBXBuildFile; fileRef = D6D14DF6278533100083F4F4 /* MainViewController.swift */; };
		D6D47A182786EC1E00AF3154 /* ImageEditor.swift in Sources */ = {isa = PBXBuildFile; fileRef = D6D47A172786EC1E00AF3154 /* ImageEditor.swift */; };
		D6D47A232788944900AF3154 /* ImageEdit.storyboard in Resources */ = {isa = PBXBuildFile; fileRef = D6D47A212788944900AF3154 /* ImageEdit.storyboard */; };
		D6E26E6727857AC10078EA9D /* Extension.swift in Sources */ = {isa = PBXBuildFile; fileRef = D6E26E6627857AC10078EA9D /* Extension.swift */; };
		D6E26E69278583EA0078EA9D /* PreviewMessageViewController.swift in Sources */ = {isa = PBXBuildFile; fileRef = D6E26E68278583E90078EA9D /* PreviewMessageViewController.swift */; };
		D6E26E6B27858B060078EA9D /* EditMessageViewController.swift in Sources */ = {isa = PBXBuildFile; fileRef = D6E26E6A27858B060078EA9D /* EditMessageViewController.swift */; };
		D6E26E6E2785D8960078EA9D /* PreviewImageViewController.swift in Sources */ = {isa = PBXBuildFile; fileRef = D6E26E6D2785D8960078EA9D /* PreviewImageViewController.swift */; };
		D6E26E7327867C260078EA9D /* Message.storyboard in Resources */ = {isa = PBXBuildFile; fileRef = D6E26E7127867C260078EA9D /* Message.storyboard */; };
		D6E26E7727868D6C0078EA9D /* EditImageViewController.swift in Sources */ = {isa = PBXBuildFile; fileRef = D6E26E7627868D6C0078EA9D /* EditImageViewController.swift */; };
/* End PBXBuildFile section */

/* Begin PBXFileReference section */
		D6D14DDD2785297D0083F4F4 /* Homework49ImageEditor.app */ = {isa = PBXFileReference; explicitFileType = wrapper.application; includeInIndex = 0; path = Homework49ImageEditor.app; sourceTree = BUILT_PRODUCTS_DIR; };
		D6D14DE02785297D0083F4F4 /* AppDelegate.swift */ = {isa = PBXFileReference; lastKnownFileType = sourcecode.swift; path = AppDelegate.swift; sourceTree = "<group>"; };
		D6D14DE22785297D0083F4F4 /* SceneDelegate.swift */ = {isa = PBXFileReference; lastKnownFileType = sourcecode.swift; path = SceneDelegate.swift; sourceTree = "<group>"; };
		D6D14DE72785297D0083F4F4 /* Base */ = {isa = PBXFileReference; lastKnownFileType = file.storyboard; name = Base; path = Base.lproj/Main.storyboard; sourceTree = "<group>"; };
		D6D14DE9278529820083F4F4 /* Assets.xcassets */ = {isa = PBXFileReference; lastKnownFileType = folder.assetcatalog; path = Assets.xcassets; sourceTree = "<group>"; };
		D6D14DEC278529820083F4F4 /* Base */ = {isa = PBXFileReference; lastKnownFileType = file.storyboard; name = Base; path = Base.lproj/LaunchScreen.storyboard; sourceTree = "<group>"; };
		D6D14DEE278529820083F4F4 /* Info.plist */ = {isa = PBXFileReference; lastKnownFileType = text.plist.xml; path = Info.plist; sourceTree = "<group>"; };
		D6D14DF6278533100083F4F4 /* MainViewController.swift */ = {isa = PBXFileReference; lastKnownFileType = sourcecode.swift; path = MainViewController.swift; sourceTree = "<group>"; };
		D6D47A172786EC1E00AF3154 /* ImageEditor.swift */ = {isa = PBXFileReference; lastKnownFileType = sourcecode.swift; path = ImageEditor.swift; sourceTree = "<group>"; };
		D6D47A222788944900AF3154 /* Base */ = {isa = PBXFileReference; lastKnownFileType = file.storyboard; name = Base; path = Homework49ImageEditor/Base.lproj/ImageEdit.storyboard; sourceTree = "<group>"; };
		D6E26E6627857AC10078EA9D /* Extension.swift */ = {isa = PBXFileReference; lastKnownFileType = sourcecode.swift; path = Extension.swift; sourceTree = "<group>"; };
		D6E26E68278583E90078EA9D /* PreviewMessageViewController.swift */ = {isa = PBXFileReference; lastKnownFileType = sourcecode.swift; path = PreviewMessageViewController.swift; sourceTree = "<group>"; };
		D6E26E6A27858B060078EA9D /* EditMessageViewController.swift */ = {isa = PBXFileReference; lastKnownFileType = sourcecode.swift; path = EditMessageViewController.swift; sourceTree = "<group>"; };
		D6E26E6D2785D8960078EA9D /* PreviewImageViewController.swift */ = {isa = PBXFileReference; lastKnownFileType = sourcecode.swift; path = PreviewImageViewController.swift; sourceTree = "<group>"; };
		D6E26E7227867C260078EA9D /* Base */ = {isa = PBXFileReference; lastKnownFileType = file.storyboard; name = Base; path = Homework49ImageEditor/Base.lproj/Message.storyboard; sourceTree = "<group>"; };
		D6E26E7627868D6C0078EA9D /* EditImageViewController.swift */ = {isa = PBXFileReference; lastKnownFileType = sourcecode.swift; path = EditImageViewController.swift; sourceTree = "<group>"; };
/* End PBXFileReference section */

/* Begin PBXFrameworksBuildPhase section */
		D6D14DDA2785297D0083F4F4 /* Frameworks */ = {
			isa = PBXFrameworksBuildPhase;
			buildActionMask = 2147483647;
			files = (
			);
			runOnlyForDeploymentPostprocessing = 0;
		};
/* End PBXFrameworksBuildPhase section */

/* Begin PBXGroup section */
		D6D14DD42785297D0083F4F4 = {
			isa = PBXGroup;
			children = (
				D6D14DDF2785297D0083F4F4 /* Homework49ImageEditor */,
				D6D14DDE2785297D0083F4F4 /* Products */,
			);
			sourceTree = "<group>";
		};
		D6D14DDE2785297D0083F4F4 /* Products */ = {
			isa = PBXGroup;
			children = (
				D6D14DDD2785297D0083F4F4 /* Homework49ImageEditor.app */,
			);
			name = Products;
			sourceTree = "<group>";
		};
		D6D14DDF2785297D0083F4F4 /* Homework49ImageEditor */ = {
			isa = PBXGroup;
			children = (
				D6D14DE02785297D0083F4F4 /* AppDelegate.swift */,
				D6D14DE22785297D0083F4F4 /* SceneDelegate.swift */,
				D6D14DE62785297D0083F4F4 /* Main.storyboard */,
				D6E26E7127867C260078EA9D /* Message.storyboard */,
				D6D47A212788944900AF3154 /* ImageEdit.storyboard */,
				D6E26E6C27858F5F0078EA9D /* Message */,
				D6D14DF6278533100083F4F4 /* MainViewController.swift */,
				D6E26E6D2785D8960078EA9D /* PreviewImageViewController.swift */,
				D6E26E7627868D6C0078EA9D /* EditImageViewController.swift */,
				D6D47A172786EC1E00AF3154 /* ImageEditor.swift */,
				D6E26E6627857AC10078EA9D /* Extension.swift */,
				D6D14DE9278529820083F4F4 /* Assets.xcassets */,
				D6D14DEB278529820083F4F4 /* LaunchScreen.storyboard */,
				D6D14DEE278529820083F4F4 /* Info.plist */,
			);
			path = Homework49ImageEditor;
			sourceTree = "<group>";
		};
		D6E26E6C27858F5F0078EA9D /* Message */ = {
			isa = PBXGroup;
			children = (
				D6E26E6A27858B060078EA9D /* EditMessageViewController.swift */,
				D6E26E68278583E90078EA9D /* PreviewMessageViewController.swift */,
			);
			path = Message;
			sourceTree = "<group>";
		};
/* End PBXGroup section */

/* Begin PBXNativeTarget section */
		D6D14DDC2785297D0083F4F4 /* Homework49ImageEditor */ = {
			isa = PBXNativeTarget;
			buildConfigurationList = D6D14DF1278529820083F4F4 /* Build configuration list for PBXNativeTarget "Homework49ImageEditor" */;
			buildPhases = (
				D6D14DD92785297D0083F4F4 /* Sources */,
				D6D14DDA2785297D0083F4F4 /* Frameworks */,
				D6D14DDB2785297D0083F4F4 /* Resources */,
			);
			buildRules = (
			);
			dependencies = (
			);
			name = Homework49ImageEditor;
			productName = Homework49ImageEditor;
			productReference = D6D14DDD2785297D0083F4F4 /* Homework49ImageEditor.app */;
			productType = "com.apple.product-type.application";
		};
/* End PBXNativeTarget section */

/* Begin PBXProject section */
		D6D14DD52785297D0083F4F4 /* Project object */ = {
			isa = PBXProject;
			attributes = {
				BuildIndependentTargetsInParallel = 1;
				LastSwiftUpdateCheck = 1320;
				LastUpgradeCheck = 1320;
				TargetAttributes = {
					D6D14DDC2785297D0083F4F4 = {
						CreatedOnToolsVersion = 13.2.1;
					};
				};
			};
			buildConfigurationList = D6D14DD82785297D0083F4F4 /* Build configuration list for PBXProject "Homework49ImageEditor" */;
			compatibilityVersion = "Xcode 13.0";
			developmentRegion = en;
			hasScannedForEncodings = 0;
			knownRegions = (
				en,
				Base,
			);
			mainGroup = D6D14DD42785297D0083F4F4;
			productRefGroup = D6D14DDE2785297D0083F4F4 /* Products */;
			projectDirPath = "";
			projectRoot = "";
			targets = (
				D6D14DDC2785297D0083F4F4 /* Homework49ImageEditor */,
			);
		};
/* End PBXProject section */

/* Begin PBXResourcesBuildPhase section */
		D6D14DDB2785297D0083F4F4 /* Resources */ = {
			isa = PBXResourcesBuildPhase;
			buildActionMask = 2147483647;
			files = (
				D6D14DED278529820083F4F4 /* LaunchScreen.storyboard in Resources */,
				D6D14DEA278529820083F4F4 /* Assets.xcassets in Resources */,
				D6E26E7327867C260078EA9D /* Message.storyboard in Resources */,
				D6D14DE82785297D0083F4F4 /* Main.storyboard in Resources */,
				D6D47A232788944900AF3154 /* ImageEdit.storyboard in Resources */,
			);
			runOnlyForDeploymentPostprocessing = 0;
		};
/* End PBXResourcesBuildPhase section */

/* Begin PBXSourcesBuildPhase section */
		D6D14DD92785297D0083F4F4 /* Sources */ = {
			isa = PBXSourcesBuildPhase;
			buildActionMask = 2147483647;
			files = (
				D6D14DF7278533100083F4F4 /* MainViewController.swift in Sources */,
				D6E26E6B27858B060078EA9D /* EditMessageViewController.swift in Sources */,
				D6D14DE12785297D0083F4F4 /* AppDelegate.swift in Sources */,
				D6D14DE32785297D0083F4F4 /* SceneDelegate.swift in Sources */,
				D6D47A182786EC1E00AF3154 /* ImageEditor.swift in Sources */,
				D6E26E7727868D6C0078EA9D /* EditImageViewController.swift in Sources */,
				D6E26E6727857AC10078EA9D /* Extension.swift in Sources */,
				D6E26E69278583EA0078EA9D /* PreviewMessageViewController.swift in Sources */,
				D6E26E6E2785D8960078EA9D /* PreviewImageViewController.swift in Sources */,
			);
			runOnlyForDeploymentPostprocessing = 0;
		};
/* End PBXSourcesBuildPhase section */

/* Begin PBXVariantGroup section */
		D6D14DE62785297D0083F4F4 /* Main.storyboard */ = {
			isa = PBXVariantGroup;
			children = (
				D6D14DE72785297D0083F4F4 /* Base */,
			);
			name = Main.storyboard;
			sourceTree = "<group>";
		};
		D6D14DEB278529820083F4F4 /* LaunchScreen.storyboard */ = {
			isa = PBXVariantGroup;
			children = (
				D6D14DEC278529820083F4F4 /* Base */,
			);
			name = LaunchScreen.storyboard;
			sourceTree = "<group>";
		};
		D6D47A212788944900AF3154 /* ImageEdit.storyboard */ = {
			isa = PBXVariantGroup;
			children = (
				D6D47A222788944900AF3154 /* Base */,
			);
			name = ImageEdit.storyboard;
			sourceTree = "<group>";
		};
		D6E26E7127867C260078EA9D /* Message.storyboard */ = {
			isa = PBXVariantGroup;
			children = (
				D6E26E7227867C260078EA9D /* Base */,
			);
			name = Message.storyboard;
			sourceTree = "<group>";
		};
/* End PBXVariantGroup section */

/* Begin XCBuildConfiguration section */
		D6D14DEF278529820083F4F4 /* Debug */ = {
			isa = XCBuildConfiguration;
			buildSettings = {
				ALWAYS_SEARCH_USER_PATHS = NO;
				CLANG_ANALYZER_NONNULL = YES;
				CLANG_ANALYZER_NUMBER_OBJECT_CONVERSION = YES_AGGRESSIVE;
				CLANG_CXX_LANGUAGE_STANDARD = "gnu++17";
				CLANG_CXX_LIBRARY = "libc++";
				CLANG_ENABLE_MODULES = YES;
				CLANG_ENABLE_OBJC_ARC = YES;
				CLANG_ENABLE_OBJC_WEAK = YES;
				CLANG_WARN_BLOCK_CAPTURE_AUTORELEASING = YES;
				CLANG_WARN_BOOL_CONVERSION = YES;
				CLANG_WARN_COMMA = YES;
				CLANG_WARN_CONSTANT_CONVERSION = YES;
				CLANG_WARN_DEPRECATED_OBJC_IMPLEMENTATIONS = YES;
				CLANG_WARN_DIRECT_OBJC_ISA_USAGE = YES_ERROR;
				CLANG_WARN_DOCUMENTATION_COMMENTS = YES;
				CLANG_WARN_EMPTY_BODY = YES;
				CLANG_WARN_ENUM_CONVERSION = YES;
				CLANG_WARN_INFINITE_RECURSION = YES;
				CLANG_WARN_INT_CONVERSION = YES;
				CLANG_WARN_NON_LITERAL_NULL_CONVERSION = YES;
				CLANG_WARN_OBJC_IMPLICIT_RETAIN_SELF = YES;
				CLANG_WARN_OBJC_LITERAL_CONVERSION = YES;
				CLANG_WARN_OBJC_ROOT_CLASS = YES_ERROR;
				CLANG_WARN_QUOTED_INCLUDE_IN_FRAMEWORK_HEADER = YES;
				CLANG_WARN_RANGE_LOOP_ANALYSIS = YES;
				CLANG_WARN_STRICT_PROTOTYPES = YES;
				CLANG_WARN_SUSPICIOUS_MOVE = YES;
				CLANG_WARN_UNGUARDED_AVAILABILITY = YES_AGGRESSIVE;
				CLANG_WARN_UNREACHABLE_CODE = YES;
				CLANG_WARN__DUPLICATE_METHOD_MATCH = YES;
				COPY_PHASE_STRIP = NO;
				DEBUG_INFORMATION_FORMAT = dwarf;
				ENABLE_STRICT_OBJC_MSGSEND = YES;
				ENABLE_TESTABILITY = YES;
				GCC_C_LANGUAGE_STANDARD = gnu11;
				GCC_DYNAMIC_NO_PIC = NO;
				GCC_NO_COMMON_BLOCKS = YES;
				GCC_OPTIMIZATION_LEVEL = 0;
				GCC_PREPROCESSOR_DEFINITIONS = (
					"DEBUG=1",
					"$(inherited)",
				);
				GCC_WARN_64_TO_32_BIT_CONVERSION = YES;
				GCC_WARN_ABOUT_RETURN_TYPE = YES_ERROR;
				GCC_WARN_UNDECLARED_SELECTOR = YES;
				GCC_WARN_UNINITIALIZED_AUTOS = YES_AGGRESSIVE;
				GCC_WARN_UNUSED_FUNCTION = YES;
				GCC_WARN_UNUSED_VARIABLE = YES;
				IPHONEOS_DEPLOYMENT_TARGET = 15.2;
				MTL_ENABLE_DEBUG_INFO = INCLUDE_SOURCE;
				MTL_FAST_MATH = YES;
				ONLY_ACTIVE_ARCH = YES;
				SDKROOT = iphoneos;
				SWIFT_ACTIVE_COMPILATION_CONDITIONS = DEBUG;
				SWIFT_OPTIMIZATION_LEVEL = "-Onone";
			};
			name = Debug;
		};
		D6D14DF0278529820083F4F4 /* Release */ = {
			isa = XCBuildConfiguration;
			buildSettings = {
				ALWAYS_SEARCH_USER_PATHS = NO;
				CLANG_ANALYZER_NONNULL = YES;
				CLANG_ANALYZER_NUMBER_OBJECT_CONVERSION = YES_AGGRESSIVE;
				CLANG_CXX_LANGUAGE_STANDARD = "gnu++17";
				CLANG_CXX_LIBRARY = "libc++";
				CLANG_ENABLE_MODULES = YES;
				CLANG_ENABLE_OBJC_ARC = YES;
				CLANG_ENABLE_OBJC_WEAK = YES;
				CLANG_WARN_BLOCK_CAPTURE_AUTORELEASING = YES;
				CLANG_WARN_BOOL_CONVERSION = YES;
				CLANG_WARN_COMMA = YES;
				CLANG_WARN_CONSTANT_CONVERSION = YES;
				CLANG_WARN_DEPRECATED_OBJC_IMPLEMENTATIONS = YES;
				CLANG_WARN_DIRECT_OBJC_ISA_USAGE = YES_ERROR;
				CLANG_WARN_DOCUMENTATION_COMMENTS = YES;
				CLANG_WARN_EMPTY_BODY = YES;
				CLANG_WARN_ENUM_CONVERSION = YES;
				CLANG_WARN_INFINITE_RECURSION = YES;
				CLANG_WARN_INT_CONVERSION = YES;
				CLANG_WARN_NON_LITERAL_NULL_CONVERSION = YES;
				CLANG_WARN_OBJC_IMPLICIT_RETAIN_SELF = YES;
				CLANG_WARN_OBJC_LITERAL_CONVERSION = YES;
				CLANG_WARN_OBJC_ROOT_CLASS = YES_ERROR;
				CLANG_WARN_QUOTED_INCLUDE_IN_FRAMEWORK_HEADER = YES;
				CLANG_WARN_RANGE_LOOP_ANALYSIS = YES;
				CLANG_WARN_STRICT_PROTOTYPES = YES;
				CLANG_WARN_SUSPICIOUS_MOVE = YES;
				CLANG_WARN_UNGUARDED_AVAILABILITY = YES_AGGRESSIVE;
				CLANG_WARN_UNREACHABLE_CODE = YES;
				CLANG_WARN__DUPLICATE_METHOD_MATCH = YES;
				COPY_PHASE_STRIP = NO;
				DEBUG_INFORMATION_FORMAT = "dwarf-with-dsym";
				ENABLE_NS_ASSERTIONS = NO;
				ENABLE_STRICT_OBJC_MSGSEND = YES;
				GCC_C_LANGUAGE_STANDARD = gnu11;
				GCC_NO_COMMON_BLOCKS = YES;
				GCC_WARN_64_TO_32_BIT_CONVERSION = YES;
				GCC_WARN_ABOUT_RETURN_TYPE = YES_ERROR;
				GCC_WARN_UNDECLARED_SELECTOR = YES;
				GCC_WARN_UNINITIALIZED_AUTOS = YES_AGGRESSIVE;
				GCC_WARN_UNUSED_FUNCTION = YES;
				GCC_WARN_UNUSED_VARIABLE = YES;
				IPHONEOS_DEPLOYMENT_TARGET = 15.2;
				MTL_ENABLE_DEBUG_INFO = NO;
				MTL_FAST_MATH = YES;
				SDKROOT = iphoneos;
				SWIFT_COMPILATION_MODE = wholemodule;
				SWIFT_OPTIMIZATION_LEVEL = "-O";
				VALIDATE_PRODUCT = YES;
			};
			name = Release;
		};
		D6D14DF2278529820083F4F4 /* Debug */ = {
			isa = XCBuildConfiguration;
			buildSettings = {
				ASSETCATALOG_COMPILER_APPICON_NAME = AppIcon;
				ASSETCATALOG_COMPILER_GLOBAL_ACCENT_COLOR_NAME = AccentColor;
				CODE_SIGN_STYLE = Automatic;
				CURRENT_PROJECT_VERSION = 1;
				DEVELOPMENT_TEAM = F25SU568R8;
				GENERATE_INFOPLIST_FILE = YES;
				INFOPLIST_FILE = Homework49ImageEditor/Info.plist;
				INFOPLIST_KEY_UIApplicationSupportsIndirectInputEvents = YES;
				INFOPLIST_KEY_UILaunchStoryboardName = LaunchScreen;
				INFOPLIST_KEY_UIMainStoryboardFile = Main;
				INFOPLIST_KEY_UISupportedInterfaceOrientations_iPad = "UIInterfaceOrientationPortrait UIInterfaceOrientationPortraitUpsideDown UIInterfaceOrientationLandscapeLeft UIInterfaceOrientationLandscapeRight";
				INFOPLIST_KEY_UISupportedInterfaceOrientations_iPhone = "UIInterfaceOrientationPortrait UIInterfaceOrientationLandscapeLeft UIInterfaceOrientationLandscapeRight";
				LD_RUNPATH_SEARCH_PATHS = (
					"$(inherited)",
					"@executable_path/Frameworks",
				);
				MARKETING_VERSION = 1.0;
				PRODUCT_BUNDLE_IDENTIFIER = learnIOS.Homework49ImageEditor;
				PRODUCT_NAME = "$(TARGET_NAME)";
				SWIFT_EMIT_LOC_STRINGS = YES;
				SWIFT_VERSION = 5.0;
				TARGETED_DEVICE_FAMILY = "1,2";
			};
			name = Debug;
		};
		D6D14DF3278529820083F4F4 /* Release */ = {
			isa = XCBuildConfiguration;
			buildSettings = {
				ASSETCATALOG_COMPILER_APPICON_NAME = AppIcon;
				ASSETCATALOG_COMPILER_GLOBAL_ACCENT_COLOR_NAME = AccentColor;
				CODE_SIGN_STYLE = Automatic;
				CURRENT_PROJECT_VERSION = 1;
				DEVELOPMENT_TEAM = F25SU568R8;
				GENERATE_INFOPLIST_FILE = YES;
				INFOPLIST_FILE = Homework49ImageEditor/Info.plist;
				INFOPLIST_KEY_UIApplicationSupportsIndirectInputEvents = YES;
				INFOPLIST_KEY_UILaunchStoryboardName = LaunchScreen;
				INFOPLIST_KEY_UIMainStoryboardFile = Main;
				INFOPLIST_KEY_UISupportedInterfaceOrientations_iPad = "UIInterfaceOrientationPortrait UIInterfaceOrientationPortraitUpsideDown UIInterfaceOrientationLandscapeLeft UIInterfaceOrientationLandscapeRight";
				INFOPLIST_KEY_UISupportedInterfaceOrientations_iPhone = "UIInterfaceOrientationPortrait UIInterfaceOrientationLandscapeLeft UIInterfaceOrientationLandscapeRight";
				LD_RUNPATH_SEARCH_PATHS = (
					"$(inherited)",
					"@executable_path/Frameworks",
				);
				MARKETING_VERSION = 1.0;
				PRODUCT_BUNDLE_IDENTIFIER = learnIOS.Homework49ImageEditor;
				PRODUCT_NAME = "$(TARGET_NAME)";
				SWIFT_EMIT_LOC_STRINGS = YES;
				SWIFT_VERSION = 5.0;
				TARGETED_DEVICE_FAMILY = "1,2";
			};
			name = Release;
		};
/* End XCBuildConfiguration section */

/* Begin XCConfigurationList section */
		D6D14DD82785297D0083F4F4 /* Build configuration list for PBXProject "Homework49ImageEditor" */ = {
			isa = XCConfigurationList;
			buildConfigurations = (
				D6D14DEF278529820083F4F4 /* Debug */,
				D6D14DF0278529820083F4F4 /* Release */,
			);
			defaultConfigurationIsVisible = 0;
			defaultConfigurationName = Release;
		};
		D6D14DF1278529820083F4F4 /* Build configuration list for PBXNativeTarget "Homework49ImageEditor" */ = {
			isa = XCConfigurationList;
			buildConfigurations = (
				D6D14DF2278529820083F4F4 /* Debug */,
				D6D14DF3278529820083F4F4 /* Release */,
			);
			defaultConfigurationIsVisible = 0;
			defaultConfigurationName = Release;
		};
/* End XCConfigurationList section */
	};
	rootObject = D6D14DD52785297D0083F4F4 /* Project object */;
}
